
Microsoft Visual Studio Solution File, Format Version 12.00
# Visual Studio Version 17
VisualStudioVersion = 17.12.35527.113
MinimumVisualStudioVersion = 10.0.40219.1
Project("{FAE04EC0-301F-11D3-BF4B-00C04F79EFBC}") = "ToDoAPI", "ToDoAPI.csproj", "{82328B10-B1A8-401D-8D87-CB0C62610AEC}"
EndProject
Project("{FAE04EC0-301F-11D3-BF4B-00C04F79EFBC}") = "BookStore.Core", "..\BookStore.Core\BookStore.Core.csproj", "{7B942220-6B4B-42D7-AB7D-812A4AFA30C6}"
EndProject
Project("{FAE04EC0-301F-11D3-BF4B-00C04F79EFBC}") = "BookStore.DataAccess", "..\BookStore.DataAccess\BookStore.DataAccess.csproj", "{EB83149A-0D94-43C1-A57B-3BCDBE5BFF51}"
EndProject
Project("{FAE04EC0-301F-11D3-BF4B-00C04F79EFBC}") = "BookStore.Application", "..\BookService\BookStore.Application.csproj", "{1DF7FDB3-5778-48CF-9D5E-0177738D9FFB}"
EndProject
Global
	GlobalSection(SolutionConfigurationPlatforms) = preSolution
		Debug|Any CPU = Debug|Any CPU
		Release|Any CPU = Release|Any CPU
	EndGlobalSection
	GlobalSection(ProjectConfigurationPlatforms) = postSolution
		{82328B10-B1A8-401D-8D87-CB0C62610AEC}.Debug|Any CPU.ActiveCfg = Debug|Any CPU
		{82328B10-B1A8-401D-8D87-CB0C62610AEC}.Debug|Any CPU.Build.0 = Debug|Any CPU
		{82328B10-B1A8-401D-8D87-CB0C62610AEC}.Release|Any CPU.ActiveCfg = Release|Any CPU
		{82328B10-B1A8-401D-8D87-CB0C62610AEC}.Release|Any CPU.Build.0 = Release|Any CPU
		{7B942220-6B4B-42D7-AB7D-812A4AFA30C6}.Debug|Any CPU.ActiveCfg = Debug|Any CPU
		{7B942220-6B4B-42D7-AB7D-812A4AFA30C6}.Debug|Any CPU.Build.0 = Debug|Any CPU
		{7B942220-6B4B-42D7-AB7D-812A4AFA30C6}.Release|Any CPU.ActiveCfg = Release|Any CPU
		{7B942220-6B4B-42D7-AB7D-812A4AFA30C6}.Release|Any CPU.Build.0 = Release|Any CPU
		{EB83149A-0D94-43C1-A57B-3BCDBE5BFF51}.Debug|Any CPU.ActiveCfg = Debug|Any CPU
		{EB83149A-0D94-43C1-A57B-3BCDBE5BFF51}.Debug|Any CPU.Build.0 = Debug|Any CPU
		{EB83149A-0D94-43C1-A57B-3BCDBE5BFF51}.Release|Any CPU.ActiveCfg = Release|Any CPU
		{EB83149A-0D94-43C1-A57B-3BCDBE5BFF51}.Release|Any CPU.Build.0 = Release|Any CPU
		{1DF7FDB3-5778-48CF-9D5E-0177738D9FFB}.Debug|Any CPU.ActiveCfg = Debug|Any CPU
		{1DF7FDB3-5778-48CF-9D5E-0177738D9FFB}.Debug|Any CPU.Build.0 = Debug|Any CPU
		{1DF7FDB3-5778-48CF-9D5E-0177738D9FFB}.Release|Any CPU.ActiveCfg = Release|Any CPU
		{1DF7FDB3-5778-48CF-9D5E-0177738D9FFB}.Release|Any CPU.Build.0 = Release|Any CPU
	EndGlobalSection
	GlobalSection(SolutionProperties) = preSolution
		HideSolutionNode = FALSE
	EndGlobalSection
EndGlobal
